// !$*UTF8*$!
{
	archiveVersion = 1;
	classes = {
	};
	objectVersion = 48;
	objects = {

/* Begin PBXBuildFile section */
		4B40155920134F0900F929E6 /* AppDelegate.swift in Sources */ = {isa = PBXBuildFile; fileRef = 4B40155820134F0900F929E6 /* AppDelegate.swift */; };
		4B40155E20134F0900F929E6 /* Main.storyboard in Resources */ = {isa = PBXBuildFile; fileRef = 4B40155C20134F0900F929E6 /* Main.storyboard */; };
		4B40156020134F0900F929E6 /* Assets.xcassets in Resources */ = {isa = PBXBuildFile; fileRef = 4B40155F20134F0900F929E6 /* Assets.xcassets */; };
		4B40156320134F0900F929E6 /* LaunchScreen.storyboard in Resources */ = {isa = PBXBuildFile; fileRef = 4B40156120134F0900F929E6 /* LaunchScreen.storyboard */; };
		4B40157320134F5000F929E6 /* aboutUsController.swift in Sources */ = {isa = PBXBuildFile; fileRef = 4B40156B20134F5000F929E6 /* aboutUsController.swift */; };
		4B40157420134F5000F929E6 /* carsController.swift in Sources */ = {isa = PBXBuildFile; fileRef = 4B40156C20134F5000F929E6 /* carsController.swift */; };
		4B40157520134F5000F929E6 /* contactController.swift in Sources */ = {isa = PBXBuildFile; fileRef = 4B40156D20134F5000F929E6 /* contactController.swift */; };
		4B40157620134F5000F929E6 /* contactUsController.swift in Sources */ = {isa = PBXBuildFile; fileRef = 4B40156E20134F5000F929E6 /* contactUsController.swift */; };
		4B40157720134F5000F929E6 /* EditProfileVC.swift in Sources */ = {isa = PBXBuildFile; fileRef = 4B40156F20134F5000F929E6 /* EditProfileVC.swift */; };
		4B40157820134F5000F929E6 /* messagesController.swift in Sources */ = {isa = PBXBuildFile; fileRef = 4B40157020134F5000F929E6 /* messagesController.swift */; };
		4B40157920134F5000F929E6 /* settingController.swift in Sources */ = {isa = PBXBuildFile; fileRef = 4B40157120134F5000F929E6 /* settingController.swift */; };
		4B40157A20134F5000F929E6 /* ViewController.swift in Sources */ = {isa = PBXBuildFile; fileRef = 4B40157220134F5000F929E6 /* ViewController.swift */; };
		4B40157D20134F6700F929E6 /* SidebarView.swift in Sources */ = {isa = PBXBuildFile; fileRef = 4B40157C20134F6700F929E6 /* SidebarView.swift */; };
/* End PBXBuildFile section */

/* Begin PBXFileReference section */
		4B40155520134F0900F929E6 /* JetCompare.app */ = {isa = PBXFileReference; explicitFileType = wrapper.application; includeInIndex = 0; path = JetCompare.app; sourceTree = BUILT_PRODUCTS_DIR; };
		4B40155820134F0900F929E6 /* AppDelegate.swift */ = {isa = PBXFileReference; lastKnownFileType = sourcecode.swift; path = AppDelegate.swift; sourceTree = "<group>"; };
		4B40155D20134F0900F929E6 /* Base */ = {isa = PBXFileReference; lastKnownFileType = file.storyboard; name = Base; path = Base.lproj/Main.storyboard; sourceTree = "<group>"; };
		4B40155F20134F0900F929E6 /* Assets.xcassets */ = {isa = PBXFileReference; lastKnownFileType = folder.assetcatalog; path = Assets.xcassets; sourceTree = "<group>"; };
		4B40156220134F0900F929E6 /* Base */ = {isa = PBXFileReference; lastKnownFileType = file.storyboard; name = Base; path = Base.lproj/LaunchScreen.storyboard; sourceTree = "<group>"; };
		4B40156420134F0900F929E6 /* Info.plist */ = {isa = PBXFileReference; lastKnownFileType = text.plist.xml; path = Info.plist; sourceTree = "<group>"; };
		4B40156B20134F5000F929E6 /* aboutUsController.swift */ = {isa = PBXFileReference; fileEncoding = 4; lastKnownFileType = sourcecode.swift; path = aboutUsController.swift; sourceTree = "<group>"; };
		4B40156C20134F5000F929E6 /* carsController.swift */ = {isa = PBXFileReference; fileEncoding = 4; lastKnownFileType = sourcecode.swift; path = carsController.swift; sourceTree = "<group>"; };
		4B40156D20134F5000F929E6 /* contactController.swift */ = {isa = PBXFileReference; fileEncoding = 4; lastKnownFileType = sourcecode.swift; path = contactController.swift; sourceTree = "<group>"; };
		4B40156E20134F5000F929E6 /* contactUsController.swift */ = {isa = PBXFileReference; fileEncoding = 4; lastKnownFileType = sourcecode.swift; path = contactUsController.swift; sourceTree = "<group>"; };
		4B40156F20134F5000F929E6 /* EditProfileVC.swift */ = {isa = PBXFileReference; fileEncoding = 4; lastKnownFileType = sourcecode.swift; path = EditProfileVC.swift; sourceTree = "<group>"; };
		4B40157020134F5000F929E6 /* messagesController.swift */ = {isa = PBXFileReference; fileEncoding = 4; lastKnownFileType = sourcecode.swift; path = messagesController.swift; sourceTree = "<group>"; };
		4B40157120134F5000F929E6 /* settingController.swift */ = {isa = PBXFileReference; fileEncoding = 4; lastKnownFileType = sourcecode.swift; path = settingController.swift; sourceTree = "<group>"; };
		4B40157220134F5000F929E6 /* ViewController.swift */ = {isa = PBXFileReference; fileEncoding = 4; lastKnownFileType = sourcecode.swift; path = ViewController.swift; sourceTree = "<group>"; };
		4B40157C20134F6700F929E6 /* SidebarView.swift */ = {isa = PBXFileReference; fileEncoding = 4; lastKnownFileType = sourcecode.swift; path = SidebarView.swift; sourceTree = "<group>"; };
/* End PBXFileReference section */

/* Begin PBXFrameworksBuildPhase section */
		4B40155220134F0900F929E6 /* Frameworks */ = {
			isa = PBXFrameworksBuildPhase;
			buildActionMask = 2147483647;
			files = (
			);
			runOnlyForDeploymentPostprocessing = 0;
		};
/* End PBXFrameworksBuildPhase section */

/* Begin PBXGroup section */
		4B40154C20134F0900F929E6 = {
			isa = PBXGroup;
			children = (
				4B40155720134F0900F929E6 /* JetCompare */,
				4B40155620134F0900F929E6 /* Products */,
			);
			sourceTree = "<group>";
		};
		4B40155620134F0900F929E6 /* Products */ = {
			isa = PBXGroup;
			children = (
				4B40155520134F0900F929E6 /* JetCompare.app */,
			);
			name = Products;
			sourceTree = "<group>";
		};
		4B40155720134F0900F929E6 /* JetCompare */ = {
			isa = PBXGroup;
			children = (
				4B40157B20134F6700F929E6 /* Helper */,
				4B40156A20134F5000F929E6 /* Controller */,
				4B40155820134F0900F929E6 /* AppDelegate.swift */,
				4B40155C20134F0900F929E6 /* Main.storyboard */,
				4B40155F20134F0900F929E6 /* Assets.xcassets */,
				4B40156120134F0900F929E6 /* LaunchScreen.storyboard */,
				4B40156420134F0900F929E6 /* Info.plist */,
			);
			path = JetCompare;
			sourceTree = "<group>";
		};
		4B40156A20134F5000F929E6 /* Controller */ = {
			isa = PBXGroup;
			children = (
				4B40156B20134F5000F929E6 /* aboutUsController.swift */,
				4B40156C20134F5000F929E6 /* carsController.swift */,
				4B40156D20134F5000F929E6 /* contactController.swift */,
				4B40156E20134F5000F929E6 /* contactUsController.swift */,
				4B40156F20134F5000F929E6 /* EditProfileVC.swift */,
				4B40157020134F5000F929E6 /* messagesController.swift */,
				4B40157120134F5000F929E6 /* settingController.swift */,
				4B40157220134F5000F929E6 /* ViewController.swift */,
			);
			path = Controller;
			sourceTree = "<group>";
		};
		4B40157B20134F6700F929E6 /* Helper */ = {
			isa = PBXGroup;
			children = (
				4B40157C20134F6700F929E6 /* SidebarView.swift */,
			);
			path = Helper;
			sourceTree = "<group>";
		};
/* End PBXGroup section */

/* Begin PBXNativeTarget section */
		4B40155420134F0900F929E6 /* JetCompare */ = {
			isa = PBXNativeTarget;
			buildConfigurationList = 4B40156720134F0900F929E6 /* Build configuration list for PBXNativeTarget "JetCompare" */;
			buildPhases = (
				4B40155120134F0900F929E6 /* Sources */,
				4B40155220134F0900F929E6 /* Frameworks */,
				4B40155320134F0900F929E6 /* Resources */,
			);
			buildRules = (
			);
			dependencies = (
			);
			name = JetCompare;
			productName = JetCompare;
			productReference = 4B40155520134F0900F929E6 /* JetCompare.app */;
			productType = "com.apple.product-type.application";
		};
/* End PBXNativeTarget section */

/* Begin PBXProject section */
		4B40154D20134F0900F929E6 /* Project object */ = {
			isa = PBXProject;
			attributes = {
				LastSwiftUpdateCheck = 0920;
				LastUpgradeCheck = 0920;
				ORGANIZATIONNAME = itEmpire;
				TargetAttributes = {
					4B40155420134F0900F929E6 = {
						CreatedOnToolsVersion = 9.2;
						ProvisioningStyle = Automatic;
					};
				};
			};
			buildConfigurationList = 4B40155020134F0900F929E6 /* Build configuration list for PBXProject "JetCompare" */;
			compatibilityVersion = "Xcode 8.0";
			developmentRegion = en;
			hasScannedForEncodings = 0;
			knownRegions = (
				en,
				Base,
			);
			mainGroup = 4B40154C20134F0900F929E6;
			productRefGroup = 4B40155620134F0900F929E6 /* Products */;
			projectDirPath = "";
			projectRoot = "";
			targets = (
				4B40155420134F0900F929E6 /* JetCompare */,
			);
		};
/* End PBXProject section */

/* Begin PBXResourcesBuildPhase section */
		4B40155320134F0900F929E6 /* Resources */ = {
			isa = PBXResourcesBuildPhase;
			buildActionMask = 2147483647;
			files = (
				4B40156320134F0900F929E6 /* LaunchScreen.storyboard in Resources */,
				4B40156020134F0900F929E6 /* Assets.xcassets in Resources */,
				4B40155E20134F0900F929E6 /* Main.storyboard in Resources */,
			);
			runOnlyForDeploymentPostprocessing = 0;
		};
/* End PBXResourcesBuildPhase section */

/* Begin PBXSourcesBuildPhase section */
		4B40155120134F0900F929E6 /* Sources */ = {
			isa = PBXSourcesBuildPhase;
			buildActionMask = 2147483647;
			files = (
				4B40157A20134F5000F929E6 /* ViewController.swift in Sources */,
				4B40157420134F5000F929E6 /* carsController.swift in Sources */,
				4B40157920134F5000F929E6 /* settingController.swift in Sources */,
				4B40157620134F5000F929E6 /* contactUsController.swift in Sources */,
				4B40155920134F0900F929E6 /* AppDelegate.swift in Sources */,
				4B40157720134F5000F929E6 /* EditProfileVC.swift in Sources */,
				4B40157D20134F6700F929E6 /* SidebarView.swift in Sources */,
				4B40157320134F5000F929E6 /* aboutUsController.swift in Sources */,
				4B40157520134F5000F929E6 /* contactController.swift in Sources */,
				4B40157820134F5000F929E6 /* messagesController.swift in Sources */,
			);
			runOnlyForDeploymentPostprocessing = 0;
		};
/* End PBXSourcesBuildPhase section */

/* Begin PBXVariantGroup section */
		4B40155C20134F0900F929E6 /* Main.storyboard */ = {
			isa = PBXVariantGroup;
			children = (
				4B40155D20134F0900F929E6 /* Base */,
			);
			name = Main.storyboard;
			sourceTree = "<group>";
		};
		4B40156120134F0900F929E6 /* LaunchScreen.storyboard */ = {
			isa = PBXVariantGroup;
			children = (
				4B40156220134F0900F929E6 /* Base */,
			);
			name = LaunchScreen.storyboard;
			sourceTree = "<group>";
		};
/* End PBXVariantGroup section */

/* Begin XCBuildConfiguration section */
		4B40156520134F0900F929E6 /* Debug */ = {
			isa = XCBuildConfiguration;
			buildSettings = {
				ALWAYS_SEARCH_USER_PATHS = NO;
				CLANG_ANALYZER_NONNULL = YES;
				CLANG_ANALYZER_NUMBER_OBJECT_CONVERSION = YES_AGGRESSIVE;
				CLANG_CXX_LANGUAGE_STANDARD = "gnu++14";
				CLANG_CXX_LIBRARY = "libc++";
				CLANG_ENABLE_MODULES = YES;
				CLANG_ENABLE_OBJC_ARC = YES;
				CLANG_WARN_BLOCK_CAPTURE_AUTORELEASING = YES;
				CLANG_WARN_BOOL_CONVERSION = YES;
				CLANG_WARN_COMMA = YES;
				CLANG_WARN_CONSTANT_CONVERSION = YES;
				CLANG_WARN_DIRECT_OBJC_ISA_USAGE = YES_ERROR;
				CLANG_WARN_DOCUMENTATION_COMMENTS = YES;
				CLANG_WARN_EMPTY_BODY = YES;
				CLANG_WARN_ENUM_CONVERSION = YES;
				CLANG_WARN_INFINITE_RECURSION = YES;
				CLANG_WARN_INT_CONVERSION = YES;
				CLANG_WARN_NON_LITERAL_NULL_CONVERSION = YES;
				CLANG_WARN_OBJC_LITERAL_CONVERSION = YES;
				CLANG_WARN_OBJC_ROOT_CLASS = YES_ERROR;
				CLANG_WARN_RANGE_LOOP_ANALYSIS = YES;
				CLANG_WARN_STRICT_PROTOTYPES = YES;
				CLANG_WARN_SUSPICIOUS_MOVE = YES;
				CLANG_WARN_UNGUARDED_AVAILABILITY = YES_AGGRESSIVE;
				CLANG_WARN_UNREACHABLE_CODE = YES;
				CLANG_WARN__DUPLICATE_METHOD_MATCH = YES;
				CODE_SIGN_IDENTITY = "iPhone Developer";
				COPY_PHASE_STRIP = NO;
				DEBUG_INFORMATION_FORMAT = dwarf;
				ENABLE_STRICT_OBJC_MSGSEND = YES;
				ENABLE_TESTABILITY = YES;
				GCC_C_LANGUAGE_STANDARD = gnu11;
				GCC_DYNAMIC_NO_PIC = NO;
				GCC_NO_COMMON_BLOCKS = YES;
				GCC_OPTIMIZATION_LEVEL = 0;
				GCC_PREPROCESSOR_DEFINITIONS = (
					"DEBUG=1",
					"$(inherited)",
				);
				GCC_WARN_64_TO_32_BIT_CONVERSION = YES;
				GCC_WARN_ABOUT_RETURN_TYPE = YES_ERROR;
				GCC_WARN_UNDECLARED_SELECTOR = YES;
				GCC_WARN_UNINITIALIZED_AUTOS = YES_AGGRESSIVE;
				GCC_WARN_UNUSED_FUNCTION = YES;
				GCC_WARN_UNUSED_VARIABLE = YES;
				IPHONEOS_DEPLOYMENT_TARGET = 11.2;
				MTL_ENABLE_DEBUG_INFO = YES;
				ONLY_ACTIVE_ARCH = YES;
				SDKROOT = iphoneos;
				SWIFT_ACTIVE_COMPILATION_CONDITIONS = DEBUG;
				SWIFT_OPTIMIZATION_LEVEL = "-Onone";
			};
			name = Debug;
		};
		4B40156620134F0900F929E6 /* Release */ = {
			isa = XCBuildConfiguration;
			buildSettings = {
				ALWAYS_SEARCH_USER_PATHS = NO;
				CLANG_ANALYZER_NONNULL = YES;
				CLANG_ANALYZER_NUMBER_OBJECT_CONVERSION = YES_AGGRESSIVE;
				CLANG_CXX_LANGUAGE_STANDARD = "gnu++14";
				CLANG_CXX_LIBRARY = "libc++";
				CLANG_ENABLE_MODULES = YES;
				CLANG_ENABLE_OBJC_ARC = YES;
				CLANG_WARN_BLOCK_CAPTURE_AUTORELEASING = YES;
				CLANG_WARN_BOOL_CONVERSION = YES;
				CLANG_WARN_COMMA = YES;
				CLANG_WARN_CONSTANT_CONVERSION = YES;
				CLANG_WARN_DIRECT_OBJC_ISA_USAGE = YES_ERROR;
				CLANG_WARN_DOCUMENTATION_COMMENTS = YES;
				CLANG_WARN_EMPTY_BODY = YES;
				CLANG_WARN_ENUM_CONVERSION = YES;
				CLANG_WARN_INFINITE_RECURSION = YES;
				CLANG_WARN_INT_CONVERSION = YES;
				CLANG_WARN_NON_LITERAL_NULL_CONVERSION = YES;
				CLANG_WARN_OBJC_LITERAL_CONVERSION = YES;
				CLANG_WARN_OBJC_ROOT_CLASS = YES_ERROR;
				CLANG_WARN_RANGE_LOOP_ANALYSIS = YES;
				CLANG_WARN_STRICT_PROTOTYPES = YES;
				CLANG_WARN_SUSPICIOUS_MOVE = YES;
				CLANG_WARN_UNGUARDED_AVAILABILITY = YES_AGGRESSIVE;
				CLANG_WARN_UNREACHABLE_CODE = YES;
				CLANG_WARN__DUPLICATE_METHOD_MATCH = YES;
				CODE_SIGN_IDENTITY = "iPhone Developer";
				COPY_PHASE_STRIP = NO;
				DEBUG_INFORMATION_FORMAT = "dwarf-with-dsym";
				ENABLE_NS_ASSERTIONS = NO;
				ENABLE_STRICT_OBJC_MSGSEND = YES;
				GCC_C_LANGUAGE_STANDARD = gnu11;
				GCC_NO_COMMON_BLOCKS = YES;
				GCC_WARN_64_TO_32_BIT_CONVERSION = YES;
				GCC_WARN_ABOUT_RETURN_TYPE = YES_ERROR;
				GCC_WARN_UNDECLARED_SELECTOR = YES;
				GCC_WARN_UNINITIALIZED_AUTOS = YES_AGGRESSIVE;
				GCC_WARN_UNUSED_FUNCTION = YES;
				GCC_WARN_UNUSED_VARIABLE = YES;
				IPHONEOS_DEPLOYMENT_TARGET = 11.2;
				MTL_ENABLE_DEBUG_INFO = NO;
				SDKROOT = iphoneos;
				SWIFT_OPTIMIZATION_LEVEL = "-Owholemodule";
				VALIDATE_PRODUCT = YES;
			};
			name = Release;
		};
		4B40156820134F0900F929E6 /* Debug */ = {
			isa = XCBuildConfiguration;
			buildSettings = {
				ASSETCATALOG_COMPILER_APPICON_NAME = AppIcon;
				CODE_SIGN_STYLE = Automatic;
				DEVELOPMENT_TEAM = 88ZZH82EQA;
				INFOPLIST_FILE = JetCompare/Info.plist;
				IPHONEOS_DEPLOYMENT_TARGET = 11.1;
				LD_RUNPATH_SEARCH_PATHS = "$(inherited) @executable_path/Frameworks";
				PRODUCT_BUNDLE_IDENTIFIER = au.com.jetcompare.ios;
				PRODUCT_NAME = "$(TARGET_NAME)";
				SWIFT_VERSION = 4.0;
				TARGETED_DEVICE_FAMILY = "1,2";
			};
			name = Debug;
		};
		4B40156920134F0900F929E6 /* Release */ = {
			isa = XCBuildConfiguration;
			buildSettings = {
				ASSETCATALOG_COMPILER_APPICON_NAME = AppIcon;
				CODE_SIGN_STYLE = Automatic;
				DEVELOPMENT_TEAM = 88ZZH82EQA;
				INFOPLIST_FILE = JetCompare/Info.plist;
				IPHONEOS_DEPLOYMENT_TARGET = 11.1;
				LD_RUNPATH_SEARCH_PATHS = "$(inherited) @executable_path/Frameworks";
				PRODUCT_BUNDLE_IDENTIFIER = au.com.jetcompare.ios;
				PRODUCT_NAME = "$(TARGET_NAME)";
				SWIFT_VERSION = 4.0;
				TARGETED_DEVICE_FAMILY = "1,2";
			};
			name = Release;
		};
/* End XCBuildConfiguration section */

/* Begin XCConfigurationList section */
		4B40155020134F0900F929E6 /* Build configuration list for PBXProject "JetCompare" */ = {
			isa = XCConfigurationList;
			buildConfigurations = (
				4B40156520134F0900F929E6 /* Debug */,
				4B40156620134F0900F929E6 /* Release */,
			);
			defaultConfigurationIsVisible = 0;
			defaultConfigurationName = Release;
		};
		4B40156720134F0900F929E6 /* Build configuration list for PBXNativeTarget "JetCompare" */ = {
			isa = XCConfigurationList;
			buildConfigurations = (
				4B40156820134F0900F929E6 /* Debug */,
				4B40156920134F0900F929E6 /* Release */,
			);
			defaultConfigurationIsVisible = 0;
			defaultConfigurationName = Release;
		};
/* End XCConfigurationList section */
	};
	rootObject = 4B40154D20134F0900F929E6 /* Project object */;
}
